
Microsoft Visual Studio Solution File, Format Version 12.00
# Visual Studio Version 16
VisualStudioVersion = 16.0.30011.22
MinimumVisualStudioVersion = 10.0.40219.1
Project("{8BC9CEB8-8B4A-11D0-8D11-00A0C91BC942}") = "StudentManagement", "StudentManagement\StudentManagement.vcxproj", "{0F24AC7D-DBE4-4660-947E-5477593578FC}"
EndProject
Global
	GlobalSection(SolutionConfigurationPlatforms) = preSolution
		Debug|x64 = Debug|x64
		Debug|x86 = Debug|x86
		Release|x64 = Release|x64
		Release|x86 = Release|x86
	EndGlobalSection
	GlobalSection(ProjectConfigurationPlatforms) = postSolution
		{0F24AC7D-DBE4-4660-947E-5477593578FC}.Debug|x64.ActiveCfg = Debug|x64
		{0F24AC7D-DBE4-4660-947E-5477593578FC}.Debug|x64.Build.0 = Debug|x64
		{0F24AC7D-DBE4-4660-947E-5477593578FC}.Debug|x86.ActiveCfg = Debug|Win32
		{0F24AC7D-DBE4-4660-947E-5477593578FC}.Debug|x86.Build.0 = Debug|Win32
		{0F24AC7D-DBE4-4660-947E-5477593578FC}.Release|x64.ActiveCfg = Release|x64
		{0F24AC7D-DBE4-4660-947E-5477593578FC}.Release|x64.Build.0 = Release|x64
		{0F24AC7D-DBE4-4660-947E-5477593578FC}.Release|x86.ActiveCfg = Release|Win32
		{0F24AC7D-DBE4-4660-947E-5477593578FC}.Release|x86.Build.0 = Release|Win32
	EndGlobalSection
	GlobalSection(SolutionProperties) = preSolution
		HideSolutionNode = FALSE
	EndGlobalSection
	GlobalSection(ExtensibilityGlobals) = postSolution
		SolutionGuid = {ACC1CCD8-22AA-4E6C-A32A-AD55962BC1E5}
	EndGlobalSection
EndGlobal
