
Microsoft Visual Studio Solution File, Format Version 12.00
# Visual Studio Version 16
VisualStudioVersion = 16.0.29728.190
MinimumVisualStudioVersion = 10.0.40219.1
Project("{8BC9CEB8-8B4A-11D0-8D11-00A0C91BC942}") = "Attendance_list", "Attendance_list\Attendance_list.vcxproj", "{5831FE0D-71EF-43C1-88C2-F2250532562F}"
EndProject
Global
	GlobalSection(SolutionConfigurationPlatforms) = preSolution
		Debug|x64 = Debug|x64
		Debug|x86 = Debug|x86
		Release|x64 = Release|x64
		Release|x86 = Release|x86
	EndGlobalSection
	GlobalSection(ProjectConfigurationPlatforms) = postSolution
		{5831FE0D-71EF-43C1-88C2-F2250532562F}.Debug|x64.ActiveCfg = Debug|x64
		{5831FE0D-71EF-43C1-88C2-F2250532562F}.Debug|x64.Build.0 = Debug|x64
		{5831FE0D-71EF-43C1-88C2-F2250532562F}.Debug|x86.ActiveCfg = Debug|Win32
		{5831FE0D-71EF-43C1-88C2-F2250532562F}.Debug|x86.Build.0 = Debug|Win32
		{5831FE0D-71EF-43C1-88C2-F2250532562F}.Release|x64.ActiveCfg = Release|x64
		{5831FE0D-71EF-43C1-88C2-F2250532562F}.Release|x64.Build.0 = Release|x64
		{5831FE0D-71EF-43C1-88C2-F2250532562F}.Release|x86.ActiveCfg = Release|Win32
		{5831FE0D-71EF-43C1-88C2-F2250532562F}.Release|x86.Build.0 = Release|Win32
	EndGlobalSection
	GlobalSection(SolutionProperties) = preSolution
		HideSolutionNode = FALSE
	EndGlobalSection
	GlobalSection(ExtensibilityGlobals) = postSolution
		SolutionGuid = {A6F8A11D-6537-4CA9-AA4E-A3DE5CEC28D1}
	EndGlobalSection
EndGlobal
